
Microsoft Visual Studio Solution File, Format Version 12.00
# Visual Studio Version 16
VisualStudioVersion = 25.0.1703.0
MinimumVisualStudioVersion = 10.0.40219.1
Project("{FAE04EC0-301F-11D3-BF4B-00C04F79EFBC}") = "PropertyGetSetTest", "PropertyGetSetTest\PropertyGetSetTest.csproj", "{25E2F8CF-8904-4F67-A109-9189D8CFDF54}"
EndProject
Global
	GlobalSection(SolutionConfigurationPlatforms) = preSolution
		Debug|Any CPU = Debug|Any CPU
		Release|Any CPU = Release|Any CPU
	EndGlobalSection
	GlobalSection(ProjectConfigurationPlatforms) = postSolution
		{25E2F8CF-8904-4F67-A109-9189D8CFDF54}.Debug|Any CPU.ActiveCfg = Debug|Any CPU
		{25E2F8CF-8904-4F67-A109-9189D8CFDF54}.Debug|Any CPU.Build.0 = Debug|Any CPU
		{25E2F8CF-8904-4F67-A109-9189D8CFDF54}.Release|Any CPU.ActiveCfg = Release|Any CPU
		{25E2F8CF-8904-4F67-A109-9189D8CFDF54}.Release|Any CPU.Build.0 = Release|Any CPU
	EndGlobalSection
	GlobalSection(SolutionProperties) = preSolution
		HideSolutionNode = FALSE
	EndGlobalSection
	GlobalSection(ExtensibilityGlobals) = postSolution
		SolutionGuid = {0DB3555C-8B6C-4B8D-B3AD-F4DA0D3B016F}
	EndGlobalSection
EndGlobal
